<?xml version="1.0" encoding="utf-8"?>
<Project ToolsVersion="4.0" xmlns="http://schemas.microsoft.com/developer/msbuild/2003">
  <ItemGroup>
    <Filter Include="Components">
      <UniqueIdentifier>{ec7fddfd-5a99-4366-b1b5-afe244e6eb47}</UniqueIdentifier>
    </Filter>
    <Filter Include="Entities">
      <UniqueIdentifier>{899cdfc6-d0f0-4716-99f6-3d49e12754c4}</UniqueIdentifier>
    </Filter>
    <Filter Include="States">
      <UniqueIdentifier>{d912b8d9-f99e-44a1-8b89-2b5b3f7ead5c}</UniqueIdentifier>
    </Filter>
    <Filter Include="Game">
      <UniqueIdentifier>{fa99ac80-7db1-4e48-8422-dd3e22ff399d}</UniqueIdentifier>
    </Filter>
    <Filter Include="main">
      <UniqueIdentifier>{4FC737F1-C7A5-4376-A066-2A32D752A2FF}</UniqueIdentifier>
      <Extensions>cpp;c;cc;cxx;def;odl;idl;hpj;bat;asm;asmx</Extensions>
    </Filter>
    <Filter Include="GUI">
      <UniqueIdentifier>{a30aa947-45af-4f8c-8413-15593308e504}</UniqueIdentifier>
    </Filter>
    <Filter Include="Precompiled">
      <UniqueIdentifier>{6252e07a-b5f7-472b-9309-743c25aa199f}</UniqueIdentifier>
    </Filter>
    <Filter Include="Tiles">
      <UniqueIdentifier>{7925df65-0fe3-4e54-a077-6775d309db66}</UniqueIdentifier>
    </Filter>
    <Filter Include="Tile_map">
      <UniqueIdentifier>{627ab2c7-b7ed-4b8b-98d5-fbfecc113bde}</UniqueIdentifier>
    </Filter>
    <Filter Include="Constants">
      <UniqueIdentifier>{a1e365cf-22db-4dd9-9e77-6e64e378bfc4}</UniqueIdentifier>
    </Filter>
  </ItemGroup>
  <ItemGroup>
    <ClCompile Include="source\main.cpp">
      <Filter>main</Filter>
    </ClCompile>
    <ClCompile Include="source\AnimationComponent.cpp">
      <Filter>Components</Filter>
    </ClCompile>
    <ClCompile Include="source\MovementComponent.cpp">
      <Filter>Components</Filter>
    </ClCompile>
    <ClCompile Include="source\Entity.cpp">
      <Filter>Entities</Filter>
    </ClCompile>
    <ClCompile Include="source\Player.cpp">
      <Filter>Entities</Filter>
    </ClCompile>
    <ClCompile Include="source\State.cpp">
      <Filter>States</Filter>
    </ClCompile>
    <ClCompile Include="source\MainMenuState.cpp">
      <Filter>States</Filter>
    </ClCompile>
    <ClCompile Include="source\GameState.cpp">
      <Filter>States</Filter>
    </ClCompile>
    <ClCompile Include="source\Game.cpp">
      <Filter>Game</Filter>
    </ClCompile>
    <ClCompile Include="source\EditorState.cpp">
      <Filter>States</Filter>
    </ClCompile>
    <ClCompile Include="source\HitboxComponent.cpp">
      <Filter>Components</Filter>
    </ClCompile>
    <ClCompile Include="source\Button.cpp">
      <Filter>GUI</Filter>
    </ClCompile>
    <ClCompile Include="source\PauseMenu.cpp">
      <Filter>GUI</Filter>
    </ClCompile>
    <ClCompile Include="source\SettingsState.cpp">
      <Filter>States</Filter>
    </ClCompile>
    <ClCompile Include="source\DropDownList.cpp">
      <Filter>GUI</Filter>
    </ClCompile>
    <ClCompile Include="source\precompiled.cpp">
      <Filter>Precompiled</Filter>
    </ClCompile>
    <ClCompile Include="source\Tile.cpp">
      <Filter>Tiles</Filter>
    </ClCompile>
    <ClCompile Include="source\TileMap.cpp">
      <Filter>Tile_map</Filter>
    </ClCompile>
  </ItemGroup>
  <ItemGroup>
    <ClInclude Include="include\AnimationComponent.h">
      <Filter>Components</Filter>
    </ClInclude>
    <ClInclude Include="include\MovementComponent.h">
      <Filter>Components</Filter>
    </ClInclude>
    <ClInclude Include="include\Entity.h">
      <Filter>Entities</Filter>
    </ClInclude>
    <ClInclude Include="include\Player.h">
      <Filter>Entities</Filter>
    </ClInclude>
    <ClInclude Include="include\State.h">
      <Filter>States</Filter>
    </ClInclude>
    <ClInclude Include="include\GameState.h">
      <Filter>States</Filter>
    </ClInclude>
    <ClInclude Include="include\MainMenuState.h">
      <Filter>States</Filter>
    </ClInclude>
    <ClInclude Include="include\Game.h">
      <Filter>Game</Filter>
    </ClInclude>
    <ClInclude Include="include\EditorState.h">
      <Filter>States</Filter>
    </ClInclude>
    <ClInclude Include="include\HitboxComponent.h">
      <Filter>Components</Filter>
    </ClInclude>
    <ClInclude Include="include\Button.h">
      <Filter>GUI</Filter>
    </ClInclude>
    <ClInclude Include="include\PauseMenu.h">
      <Filter>GUI</Filter>
    </ClInclude>
    <ClInclude Include="include\SettingsState.h">
      <Filter>States</Filter>
    </ClInclude>
    <ClInclude Include="include\DropDownList.h">
      <Filter>GUI</Filter>
    </ClInclude>
    <ClInclude Include="include\precompiled.h">
      <Filter>Precompiled</Filter>
    </ClInclude>
    <ClInclude Include="include\Tile.h">
      <Filter>Tiles</Filter>
    </ClInclude>
    <ClInclude Include="include\TileMap.h">
      <Filter>Tile_map</Filter>
    </ClInclude>
    <ClInclude Include="include\constants.h">
      <Filter>Constants</Filter>
    </ClInclude>
  </ItemGroup>
</Project>