<?xml version="1.0" encoding="utf-8"?>
<Project ToolsVersion="4.0" xmlns="http://schemas.microsoft.com/developer/msbuild/2003">
  <ItemGroup>
    <Filter Include="Components">
      <UniqueIdentifier>{ec7fddfd-5a99-4366-b1b5-afe244e6eb47}</UniqueIdentifier>
    </Filter>
    <Filter Include="Entities">
      <UniqueIdentifier>{899cdfc6-d0f0-4716-99f6-3d49e12754c4}</UniqueIdentifier>
    </Filter>
    <Filter Include="States">
      <UniqueIdentifier>{d912b8d9-f99e-44a1-8b89-2b5b3f7ead5c}</UniqueIdentifier>
    </Filter>
    <Filter Include="Game">
      <UniqueIdentifier>{fa99ac80-7db1-4e48-8422-dd3e22ff399d}</UniqueIdentifier>
    </Filter>
    <Filter Include="main">
      <UniqueIdentifier>{4FC737F1-C7A5-4376-A066-2A32D752A2FF}</UniqueIdentifier>
      <Extensions>cpp;c;cc;cxx;def;odl;idl;hpj;bat;asm;asmx</Extensions>
    </Filter>
    <Filter Include="GUI">
      <UniqueIdentifier>{a30aa947-45af-4f8c-8413-15593308e504}</UniqueIdentifier>
    </Filter>
    <Filter Include="Precompiled">
      <UniqueIdentifier>{6252e07a-b5f7-472b-9309-743c25aa199f}</UniqueIdentifier>
    </Filter>
    <Filter Include="Tiles">
      <UniqueIdentifier>{7925df65-0fe3-4e54-a077-6775d309db66}</UniqueIdentifier>
    </Filter>
    <Filter Include="Constants">
      <UniqueIdentifier>{a1e365cf-22db-4dd9-9e77-6e64e378bfc4}</UniqueIdentifier>
    </Filter>
    <Filter Include="Tilemap">
      <UniqueIdentifier>{105cde6f-8687-4320-8ddc-7dd4dbe15678}</UniqueIdentifier>
    </Filter>
    <Filter Include="Items">
      <UniqueIdentifier>{248d1ae8-bb6d-4e6c-ad86-b897777d25ee}</UniqueIdentifier>
    </Filter>
    <Filter Include="Items\Weapon">
      <UniqueIdentifier>{5574417b-4501-43e4-bdc1-e60f6c50157c}</UniqueIdentifier>
    </Filter>
    <Filter Include="States\Editor modes">
      <UniqueIdentifier>{4d1ac924-9899-402b-99e0-2bca89d7be1d}</UniqueIdentifier>
    </Filter>
    <Filter Include="Entities\Enemies">
      <UniqueIdentifier>{2c934c49-fd54-46d5-9291-a9b2127acd6f}</UniqueIdentifier>
    </Filter>
    <Filter Include="Systems">
      <UniqueIdentifier>{9d20ad90-5390-4dd6-833d-b72f7e26f22a}</UniqueIdentifier>
    </Filter>
    <Filter Include="Items\Inventory">
      <UniqueIdentifier>{fe94fc18-e1b1-48d2-b746-7e272096446e}</UniqueIdentifier>
    </Filter>
    <Filter Include="Utils">
      <UniqueIdentifier>{246ba4f3-5a7a-4bcd-baf8-adf9d9e315c8}</UniqueIdentifier>
    </Filter>
    <Filter Include="GUI\Info tabs">
      <UniqueIdentifier>{1420c3b9-b7a8-4cbb-a44b-23d7b764511b}</UniqueIdentifier>
    </Filter>
    <Filter Include="AI">
      <UniqueIdentifier>{a539b370-f20a-4959-9b63-179548845fd3}</UniqueIdentifier>
    </Filter>
    <Filter Include="Resources">
      <UniqueIdentifier>{98d32713-be72-47f7-9c9a-4fe4dbcd86f8}</UniqueIdentifier>
    </Filter>
    <Filter Include="Items\Food">
      <UniqueIdentifier>{0fe763a8-68c5-47c4-ae35-9688d8959dda}</UniqueIdentifier>
    </Filter>
    <Filter Include="Typedefs">
      <UniqueIdentifier>{22970bc4-14ef-40dd-97d8-c49f3fee3d96}</UniqueIdentifier>
    </Filter>
    <Filter Include="Windows">
      <UniqueIdentifier>{9c41fabe-adc8-4e85-87eb-515ad2407a10}</UniqueIdentifier>
    </Filter>
  </ItemGroup>
  <ItemGroup>
    <ClCompile Include="source\main.cpp">
      <Filter>main</Filter>
    </ClCompile>
    <ClCompile Include="source\AnimationComponent.cpp">
      <Filter>Components</Filter>
    </ClCompile>
    <ClCompile Include="source\MovementComponent.cpp">
      <Filter>Components</Filter>
    </ClCompile>
    <ClCompile Include="source\Entity.cpp">
      <Filter>Entities</Filter>
    </ClCompile>
    <ClCompile Include="source\Player.cpp">
      <Filter>Entities</Filter>
    </ClCompile>
    <ClCompile Include="source\State.cpp">
      <Filter>States</Filter>
    </ClCompile>
    <ClCompile Include="source\MainMenuState.cpp">
      <Filter>States</Filter>
    </ClCompile>
    <ClCompile Include="source\GameState.cpp">
      <Filter>States</Filter>
    </ClCompile>
    <ClCompile Include="source\Game.cpp">
      <Filter>Game</Filter>
    </ClCompile>
    <ClCompile Include="source\EditorState.cpp">
      <Filter>States</Filter>
    </ClCompile>
    <ClCompile Include="source\HitboxComponent.cpp">
      <Filter>Components</Filter>
    </ClCompile>
    <ClCompile Include="source\Button.cpp">
      <Filter>GUI</Filter>
    </ClCompile>
    <ClCompile Include="source\PauseMenu.cpp">
      <Filter>GUI</Filter>
    </ClCompile>
    <ClCompile Include="source\SettingsState.cpp">
      <Filter>States</Filter>
    </ClCompile>
    <ClCompile Include="source\DropDownList.cpp">
      <Filter>GUI</Filter>
    </ClCompile>
    <ClCompile Include="source\precompiled.cpp">
      <Filter>Precompiled</Filter>
    </ClCompile>
    <ClCompile Include="source\Tile.cpp">
      <Filter>Tiles</Filter>
    </ClCompile>
    <ClCompile Include="source\TextureSelector.cpp">
      <Filter>GUI</Filter>
    </ClCompile>
    <ClCompile Include="source\Tilemap.cpp">
      <Filter>Tilemap</Filter>
    </ClCompile>
    <ClCompile Include="source\AttributeComponent.cpp">
      <Filter>Components</Filter>
    </ClCompile>
    <ClCompile Include="source\PlayerGui.cpp">
      <Filter>GUI</Filter>
    </ClCompile>
    <ClCompile Include="source\Item.cpp">
      <Filter>Items</Filter>
    </ClCompile>
    <ClCompile Include="source\Weapon.cpp">
      <Filter>Items\Weapon</Filter>
    </ClCompile>
    <ClCompile Include="source\Sword.cpp">
      <Filter>Items\Weapon</Filter>
    </ClCompile>
    <ClCompile Include="source\ProgressBar.cpp">
      <Filter>GUI</Filter>
    </ClCompile>
    <ClCompile Include="source\DefaultEditorMode.cpp">
      <Filter>States\Editor modes</Filter>
    </ClCompile>
    <ClCompile Include="source\Enemy.cpp">
      <Filter>Entities\Enemies</Filter>
    </ClCompile>
    <ClCompile Include="source\Rat.cpp">
      <Filter>Entities\Enemies</Filter>
    </ClCompile>
    <ClCompile Include="source\EnemySpawnerTile.cpp">
      <Filter>Tiles</Filter>
    </ClCompile>
    <ClCompile Include="source\EnemySystem.cpp">
      <Filter>Systems</Filter>
    </ClCompile>
    <ClCompile Include="source\Inventory.cpp">
      <Filter>Items\Inventory</Filter>
    </ClCompile>
    <ClCompile Include="source\Utils.cpp">
      <Filter>Utils</Filter>
    </ClCompile>
    <ClCompile Include="source\TextTagSystem.cpp">
      <Filter>Systems</Filter>
    </ClCompile>
    <ClCompile Include="source\PlayerInfoTab.cpp">
      <Filter>GUI\Info tabs</Filter>
    </ClCompile>
    <ClCompile Include="source\InfoTab.cpp">
      <Filter>GUI\Info tabs</Filter>
    </ClCompile>
    <ClCompile Include="source\AiFollow.cpp">
      <Filter>AI</Filter>
    </ClCompile>
    <ClCompile Include="source\Resources.cpp">
      <Filter>Resources</Filter>
    </ClCompile>
    <ClCompile Include="source\LootSystem.cpp">
      <Filter>Systems</Filter>
    </ClCompile>
    <ClCompile Include="source\Food.cpp">
      <Filter>Items\Food</Filter>
    </ClCompile>
    <ClCompile Include="source\Character.cpp">
      <Filter>Entities</Filter>
    </ClCompile>
    <ClCompile Include="source\Spider.cpp">
      <Filter>Entities\Enemies</Filter>
    </ClCompile>
    <ClCompile Include="source\Reaper.cpp">
      <Filter>Entities\Enemies</Filter>
    </ClCompile>
    <ClCompile Include="source\Skeleton.cpp">
      <Filter>Entities\Enemies</Filter>
    </ClCompile>
    <ClCompile Include="source\AiSpawnMinion.cpp">
      <Filter>AI</Filter>
    </ClCompile>
    <ClCompile Include="source\typedefs.cpp">
      <Filter>Typedefs</Filter>
    </ClCompile>
    <ClCompile Include="source\Staff.cpp">
      <Filter>Items\Weapon</Filter>
    </ClCompile>
    <ClCompile Include="source\Projectile.cpp">
      <Filter>Entities</Filter>
    </ClCompile>
    <ClCompile Include="source\RangedWeapon.cpp">
      <Filter>Items\Weapon</Filter>
    </ClCompile>
    <ClCompile Include="source\InfoWindow.cpp">
      <Filter>Windows</Filter>
    </ClCompile>
    <ClCompile Include="source\ErrorWindow.cpp">
      <Filter>Windows</Filter>
    </ClCompile>
  </ItemGroup>
  <ItemGroup>
    <ClInclude Include="include\AnimationComponent.h">
      <Filter>Components</Filter>
    </ClInclude>
    <ClInclude Include="include\MovementComponent.h">
      <Filter>Components</Filter>
    </ClInclude>
    <ClInclude Include="include\Entity.h">
      <Filter>Entities</Filter>
    </ClInclude>
    <ClInclude Include="include\Player.h">
      <Filter>Entities</Filter>
    </ClInclude>
    <ClInclude Include="include\State.h">
      <Filter>States</Filter>
    </ClInclude>
    <ClInclude Include="include\GameState.h">
      <Filter>States</Filter>
    </ClInclude>
    <ClInclude Include="include\MainMenuState.h">
      <Filter>States</Filter>
    </ClInclude>
    <ClInclude Include="include\Game.h">
      <Filter>Game</Filter>
    </ClInclude>
    <ClInclude Include="include\EditorState.h">
      <Filter>States</Filter>
    </ClInclude>
    <ClInclude Include="include\HitboxComponent.h">
      <Filter>Components</Filter>
    </ClInclude>
    <ClInclude Include="include\Button.h">
      <Filter>GUI</Filter>
    </ClInclude>
    <ClInclude Include="include\PauseMenu.h">
      <Filter>GUI</Filter>
    </ClInclude>
    <ClInclude Include="include\SettingsState.h">
      <Filter>States</Filter>
    </ClInclude>
    <ClInclude Include="include\DropDownList.h">
      <Filter>GUI</Filter>
    </ClInclude>
    <ClInclude Include="include\precompiled.h">
      <Filter>Precompiled</Filter>
    </ClInclude>
    <ClInclude Include="include\Tile.h">
      <Filter>Tiles</Filter>
    </ClInclude>
    <ClInclude Include="include\constants.h">
      <Filter>Constants</Filter>
    </ClInclude>
    <ClInclude Include="include\TextureSelector.h">
      <Filter>GUI</Filter>
    </ClInclude>
    <ClInclude Include="include\Tilemap.h">
      <Filter>Tilemap</Filter>
    </ClInclude>
    <ClInclude Include="include\AttributeComponent.h">
      <Filter>Components</Filter>
    </ClInclude>
    <ClInclude Include="include\PlayerGui.h">
      <Filter>GUI</Filter>
    </ClInclude>
    <ClInclude Include="include\Item.h">
      <Filter>Items</Filter>
    </ClInclude>
    <ClInclude Include="include\Weapon.h">
      <Filter>Items\Weapon</Filter>
    </ClInclude>
    <ClInclude Include="include\Sword.h">
      <Filter>Items\Weapon</Filter>
    </ClInclude>
    <ClInclude Include="include\ProgressBar.h">
      <Filter>GUI</Filter>
    </ClInclude>
    <ClInclude Include="include\EditorMode.h">
      <Filter>States\Editor modes</Filter>
    </ClInclude>
    <ClInclude Include="include\DefaultEditorMode.h">
      <Filter>States\Editor modes</Filter>
    </ClInclude>
    <ClInclude Include="include\Enemy.h">
      <Filter>Entities\Enemies</Filter>
    </ClInclude>
    <ClInclude Include="include\Rat.h">
      <Filter>Entities\Enemies</Filter>
    </ClInclude>
    <ClInclude Include="include\EnemySpawnerTile.h">
      <Filter>Tiles</Filter>
    </ClInclude>
    <ClInclude Include="include\EnemySystem.h">
      <Filter>Systems</Filter>
    </ClInclude>
    <ClInclude Include="include\Inventory.h">
      <Filter>Items\Inventory</Filter>
    </ClInclude>
    <ClInclude Include="include\Utils.h">
      <Filter>Utils</Filter>
    </ClInclude>
    <ClInclude Include="include\TextTagSystem.h">
      <Filter>Systems</Filter>
    </ClInclude>
    <ClInclude Include="include\PlayerInfoTab.h">
      <Filter>GUI\Info tabs</Filter>
    </ClInclude>
    <ClInclude Include="include\InfoTab.h">
      <Filter>GUI\Info tabs</Filter>
    </ClInclude>
    <ClInclude Include="include\AiFollow.h">
      <Filter>AI</Filter>
    </ClInclude>
    <ClInclude Include="include\Resources.h">
      <Filter>Resources</Filter>
    </ClInclude>
    <ClInclude Include="include\LootSystem.h">
      <Filter>Systems</Filter>
    </ClInclude>
    <ClInclude Include="include\Food.h">
      <Filter>Items\Food</Filter>
    </ClInclude>
    <ClInclude Include="include\Character.h">
      <Filter>Entities</Filter>
    </ClInclude>
    <ClInclude Include="include\Spider.h">
      <Filter>Entities\Enemies</Filter>
    </ClInclude>
    <ClInclude Include="include\Reaper.h">
      <Filter>Entities\Enemies</Filter>
    </ClInclude>
    <ClInclude Include="include\Skeleton.h">
      <Filter>Entities\Enemies</Filter>
    </ClInclude>
    <ClInclude Include="include\AiSpawnMinion.h">
      <Filter>AI</Filter>
    </ClInclude>
    <ClInclude Include="include\typedefs.h">
      <Filter>Typedefs</Filter>
    </ClInclude>
    <ClInclude Include="include\Staff.h">
      <Filter>Items\Weapon</Filter>
    </ClInclude>
    <ClInclude Include="include\Projectile.h">
      <Filter>Entities</Filter>
    </ClInclude>
    <ClInclude Include="include\RangedWeapon.h">
      <Filter>Items\Weapon</Filter>
    </ClInclude>
    <ClInclude Include="include\InfoWindow.h">
      <Filter>Windows</Filter>
    </ClInclude>
    <ClInclude Include="include\ErrorWindow.h">
      <Filter>Windows</Filter>
    </ClInclude>
  </ItemGroup>
</Project>